
Microsoft Visual Studio Solution File, Format Version 12.00
# Visual Studio 15
VisualStudioVersion = 15.0.28010.2041
MinimumVisualStudioVersion = 10.0.40219.1
Project("{FAE04EC0-301F-11D3-BF4B-00C04F79EFBC}") = "LW-ChainOfResponsibility", "LW-ChainOfResponsibility\LW-ChainOfResponsibility.csproj", "{6443B222-3282-430E-855E-9F401B08932B}"
EndProject
Global
	GlobalSection(SolutionConfigurationPlatforms) = preSolution
		Debug|Any CPU = Debug|Any CPU
		Release|Any CPU = Release|Any CPU
	EndGlobalSection
	GlobalSection(ProjectConfigurationPlatforms) = postSolution
		{6443B222-3282-430E-855E-9F401B08932B}.Debug|Any CPU.ActiveCfg = Debug|Any CPU
		{6443B222-3282-430E-855E-9F401B08932B}.Debug|Any CPU.Build.0 = Debug|Any CPU
		{6443B222-3282-430E-855E-9F401B08932B}.Release|Any CPU.ActiveCfg = Release|Any CPU
		{6443B222-3282-430E-855E-9F401B08932B}.Release|Any CPU.Build.0 = Release|Any CPU
	EndGlobalSection
	GlobalSection(SolutionProperties) = preSolution
		HideSolutionNode = FALSE
	EndGlobalSection
	GlobalSection(ExtensibilityGlobals) = postSolution
		SolutionGuid = {FBE2AB24-49F1-43A1-8D3E-C82FD670FE75}
	EndGlobalSection
EndGlobal
