
Microsoft Visual Studio Solution File, Format Version 12.00
# Visual Studio 15
VisualStudioVersion = 15.0.28010.2041
MinimumVisualStudioVersion = 10.0.40219.1
Project("{FAE04EC0-301F-11D3-BF4B-00C04F79EFBC}") = "DEV-8", "DEV-8\DEV-8.csproj", "{A84507A0-7A15-47A1-ADBD-F71E7AF62424}"
EndProject
Global
	GlobalSection(SolutionConfigurationPlatforms) = preSolution
		Debug|Any CPU = Debug|Any CPU
		Release|Any CPU = Release|Any CPU
	EndGlobalSection
	GlobalSection(ProjectConfigurationPlatforms) = postSolution
		{A84507A0-7A15-47A1-ADBD-F71E7AF62424}.Debug|Any CPU.ActiveCfg = Debug|Any CPU
		{A84507A0-7A15-47A1-ADBD-F71E7AF62424}.Debug|Any CPU.Build.0 = Debug|Any CPU
		{A84507A0-7A15-47A1-ADBD-F71E7AF62424}.Release|Any CPU.ActiveCfg = Release|Any CPU
		{A84507A0-7A15-47A1-ADBD-F71E7AF62424}.Release|Any CPU.Build.0 = Release|Any CPU
	EndGlobalSection
	GlobalSection(SolutionProperties) = preSolution
		HideSolutionNode = FALSE
	EndGlobalSection
	GlobalSection(ExtensibilityGlobals) = postSolution
		SolutionGuid = {77A4B6E6-BCBB-4553-BAC1-254D7144D49E}
	EndGlobalSection
EndGlobal
