
Microsoft Visual Studio Solution File, Format Version 12.00
# Visual Studio 15
VisualStudioVersion = 15.0.28010.2041
MinimumVisualStudioVersion = 10.0.40219.1
Project("{FAE04EC0-301F-11D3-BF4B-00C04F79EFBC}") = "LW-List", "LW-List\LW-List.csproj", "{93549850-6011-4806-93E1-88AECB3B14EF}"
EndProject
Global
	GlobalSection(SolutionConfigurationPlatforms) = preSolution
		Debug|Any CPU = Debug|Any CPU
		Release|Any CPU = Release|Any CPU
	EndGlobalSection
	GlobalSection(ProjectConfigurationPlatforms) = postSolution
		{93549850-6011-4806-93E1-88AECB3B14EF}.Debug|Any CPU.ActiveCfg = Debug|Any CPU
		{93549850-6011-4806-93E1-88AECB3B14EF}.Debug|Any CPU.Build.0 = Debug|Any CPU
		{93549850-6011-4806-93E1-88AECB3B14EF}.Release|Any CPU.ActiveCfg = Release|Any CPU
		{93549850-6011-4806-93E1-88AECB3B14EF}.Release|Any CPU.Build.0 = Release|Any CPU
	EndGlobalSection
	GlobalSection(SolutionProperties) = preSolution
		HideSolutionNode = FALSE
	EndGlobalSection
	GlobalSection(ExtensibilityGlobals) = postSolution
		SolutionGuid = {96E26C81-61ED-4B0D-8F4C-206022C8D05F}
	EndGlobalSection
EndGlobal
